
Microsoft Visual Studio Solution File, Format Version 12.00
# Visual Studio 14
VisualStudioVersion = 14.0.23107.0
MinimumVisualStudioVersion = 10.0.40219.1
Project("{FAE04EC0-301F-11D3-BF4B-00C04F79EFBC}") = "Warehouse", "Warehouse\Warehouse.csproj", "{DA5DFA01-DEA3-4666-94F2-1B0BBA47AFA3}"
EndProject
Global
	GlobalSection(SolutionConfigurationPlatforms) = preSolution
		Debug|Any CPU = Debug|Any CPU
		Release|Any CPU = Release|Any CPU
	EndGlobalSection
	GlobalSection(ProjectConfigurationPlatforms) = postSolution
		{DA5DFA01-DEA3-4666-94F2-1B0BBA47AFA3}.Debug|Any CPU.ActiveCfg = Debug|Any CPU
		{DA5DFA01-DEA3-4666-94F2-1B0BBA47AFA3}.Debug|Any CPU.Build.0 = Debug|Any CPU
		{DA5DFA01-DEA3-4666-94F2-1B0BBA47AFA3}.Release|Any CPU.ActiveCfg = Release|Any CPU
		{DA5DFA01-DEA3-4666-94F2-1B0BBA47AFA3}.Release|Any CPU.Build.0 = Release|Any CPU
	EndGlobalSection
	GlobalSection(SolutionProperties) = preSolution
		HideSolutionNode = FALSE
	EndGlobalSection
EndGlobal
